
Microsoft Visual Studio Solution File, Format Version 12.00
# Visual Studio Version 17
VisualStudioVersion = 17.1.32228.430
MinimumVisualStudioVersion = 10.0.40219.1
Project("{9A19103F-16F7-4668-BE54-9A1E7A4F7556}") = "GUI", "GUI.csproj", "{310185CA-7E2F-4FB9-893B-BE90436958CD}"
EndProject
Project("{9A19103F-16F7-4668-BE54-9A1E7A4F7556}") = "BFS", "..\BFS\BFS.csproj", "{DF9DBCFD-8B7C-43DE-8FB4-C64F53F245B8}"
EndProject
Project("{9A19103F-16F7-4668-BE54-9A1E7A4F7556}") = "DFS", "..\DFS\DFS.csproj", "{571B455A-276D-4CF2-8050-4A617E2C6322}"
EndProject
Global
	GlobalSection(SolutionConfigurationPlatforms) = preSolution
		Debug|Any CPU = Debug|Any CPU
		Release|Any CPU = Release|Any CPU
	EndGlobalSection
	GlobalSection(ProjectConfigurationPlatforms) = postSolution
		{310185CA-7E2F-4FB9-893B-BE90436958CD}.Debug|Any CPU.ActiveCfg = Debug|Any CPU
		{310185CA-7E2F-4FB9-893B-BE90436958CD}.Debug|Any CPU.Build.0 = Debug|Any CPU
		{310185CA-7E2F-4FB9-893B-BE90436958CD}.Release|Any CPU.ActiveCfg = Release|Any CPU
		{310185CA-7E2F-4FB9-893B-BE90436958CD}.Release|Any CPU.Build.0 = Release|Any CPU
		{DF9DBCFD-8B7C-43DE-8FB4-C64F53F245B8}.Debug|Any CPU.ActiveCfg = Debug|Any CPU
		{DF9DBCFD-8B7C-43DE-8FB4-C64F53F245B8}.Debug|Any CPU.Build.0 = Debug|Any CPU
		{DF9DBCFD-8B7C-43DE-8FB4-C64F53F245B8}.Release|Any CPU.ActiveCfg = Release|Any CPU
		{DF9DBCFD-8B7C-43DE-8FB4-C64F53F245B8}.Release|Any CPU.Build.0 = Release|Any CPU
		{571B455A-276D-4CF2-8050-4A617E2C6322}.Debug|Any CPU.ActiveCfg = Debug|Any CPU
		{571B455A-276D-4CF2-8050-4A617E2C6322}.Debug|Any CPU.Build.0 = Debug|Any CPU
		{571B455A-276D-4CF2-8050-4A617E2C6322}.Release|Any CPU.ActiveCfg = Release|Any CPU
		{571B455A-276D-4CF2-8050-4A617E2C6322}.Release|Any CPU.Build.0 = Release|Any CPU
	EndGlobalSection
	GlobalSection(SolutionProperties) = preSolution
		HideSolutionNode = FALSE
	EndGlobalSection
	GlobalSection(ExtensibilityGlobals) = postSolution
		SolutionGuid = {896AC139-97B0-456B-A6DB-97449A41261D}
	EndGlobalSection
EndGlobal
